{
  "version": 4,
  "terraform_version": "1.14.3",
  "serial": 13,
  "lineage": "f2020557-f91c-9864-7610-112aed67bfa5",
  "outputs": {},
  "resources": [
    {
      "mode": "managed",
      "type": "aws_security_group",
      "name": "allow_tls",
      "provider": "provider[\"registry.terraform.io/hashicorp/aws\"]",
      "instances": [
        {
          "schema_version": 1,
          "attributes": {
            "arn": "arn:aws:ec2:us-east-1:676463669439:security-group/sg-0195624c92406f4ae",
            "description": "Managed from Terraform",
            "egress": [],
            "id": "sg-0195624c92406f4ae",
            "ingress": [],
            "name": "terraform-firewall",
            "name_prefix": "",
            "owner_id": "676463669439",
            "region": "us-east-1",
            "revoke_rules_on_delete": false,
            "tags": null,
            "tags_all": {},
            "timeouts": null,
            "vpc_id": "vpc-02a9ebcb61d95b9ed"
          },
          "sensitive_attributes": [],
          "identity_schema_version": 0,
          "identity": {
            "account_id": "676463669439",
            "id": "sg-0195624c92406f4ae",
            "region": "us-east-1"
          },
          "private": "eyJlMmJmYjczMC1lY2FhLTExZTYtOGY4OC0zNDM2M2JjN2M0YzAiOnsiY3JlYXRlIjo2MDAwMDAwMDAwMDAsImRlbGV0ZSI6OTAwMDAwMDAwMDAwfSwic2NoZW1hX3ZlcnNpb24iOiIxIn0="
        }
      ]
    },
    {
      "mode": "managed",
      "type": "aws_vpc_security_group_ingress_rule",
      "name": "app_port",
      "provider": "provider[\"registry.terraform.io/hashicorp/aws\"]",
      "instances": [
        {
          "schema_version": 0,
          "attributes": {
            "arn": "arn:aws:ec2:us-east-1:676463669439:security-group-rule/sgr-03bbcfdf3775ea192",
            "cidr_ipv4": "101.20.30.50/32",
            "cidr_ipv6": null,
            "description": null,
            "from_port": 8080,
            "id": "sgr-03bbcfdf3775ea192",
            "ip_protocol": "tcp",
            "prefix_list_id": null,
            "referenced_security_group_id": null,
            "region": "us-east-1",
            "security_group_id": "sg-0195624c92406f4ae",
            "security_group_rule_id": "sgr-03bbcfdf3775ea192",
            "tags": null,
            "tags_all": {},
            "to_port": 8080
          },
          "sensitive_attributes": [],
          "identity_schema_version": 0,
          "identity": {
            "account_id": "676463669439",
            "id": "sgr-03bbcfdf3775ea192",
            "region": "us-east-1"
          },
          "dependencies": [
            "aws_security_group.allow_tls"
          ]
        }
      ]
    },
    {
      "mode": "managed",
      "type": "aws_vpc_security_group_ingress_rule",
      "name": "ftp_port",
      "provider": "provider[\"registry.terraform.io/hashicorp/aws\"]",
      "instances": [
        {
          "schema_version": 0,
          "attributes": {
            "arn": "arn:aws:ec2:us-east-1:676463669439:security-group-rule/sgr-0df982cb63ab65128",
            "cidr_ipv4": "101.20.30.50/32",
            "cidr_ipv6": null,
            "description": null,
            "from_port": 21,
            "id": "sgr-0df982cb63ab65128",
            "ip_protocol": "tcp",
            "prefix_list_id": null,
            "referenced_security_group_id": null,
            "region": "us-east-1",
            "security_group_id": "sg-0195624c92406f4ae",
            "security_group_rule_id": "sgr-0df982cb63ab65128",
            "tags": null,
            "tags_all": {},
            "to_port": 21
          },
          "sensitive_attributes": [],
          "identity_schema_version": 0,
          "identity": {
            "account_id": "676463669439",
            "id": "sgr-0df982cb63ab65128",
            "region": "us-east-1"
          },
          "dependencies": [
            "aws_security_group.allow_tls"
          ]
        }
      ]
    },
    {
      "mode": "managed",
      "type": "aws_vpc_security_group_ingress_rule",
      "name": "ssh_port",
      "provider": "provider[\"registry.terraform.io/hashicorp/aws\"]",
      "instances": [
        {
          "schema_version": 0,
          "attributes": {
            "arn": "arn:aws:ec2:us-east-1:676463669439:security-group-rule/sgr-0d51e84872d1b2669",
            "cidr_ipv4": "101.20.30.50/32",
            "cidr_ipv6": null,
            "description": null,
            "from_port": 22,
            "id": "sgr-0d51e84872d1b2669",
            "ip_protocol": "tcp",
            "prefix_list_id": null,
            "referenced_security_group_id": null,
            "region": "us-east-1",
            "security_group_id": "sg-0195624c92406f4ae",
            "security_group_rule_id": "sgr-0d51e84872d1b2669",
            "tags": null,
            "tags_all": {},
            "to_port": 22
          },
          "sensitive_attributes": [],
          "identity_schema_version": 0,
          "identity": {
            "account_id": "676463669439",
            "id": "sgr-0d51e84872d1b2669",
            "region": "us-east-1"
          },
          "dependencies": [
            "aws_security_group.allow_tls"
          ]
        }
      ]
    }
  ],
  "check_results": null
}
