{
  "version": 4,
  "terraform_version": "1.14.3",
  "serial": 11,
  "lineage": "33db6736-72ba-b4d3-04e5-d9d92aa5e214",
  "outputs": {},
  "resources": [
    {
      "mode": "managed",
      "type": "aws_security_group",
      "name": "allow_tls",
      "provider": "provider[\"registry.terraform.io/hashicorp/aws\"]",
      "instances": [
        {
          "schema_version": 1,
          "attributes": {
            "arn": "arn:aws:ec2:us-east-1:676463669439:security-group/sg-08920b61e34e2b69b",
            "description": "Managed from Terraform",
            "egress": [],
            "id": "sg-08920b61e34e2b69b",
            "ingress": [],
            "name": "terrafo apply -rm-firewall",
            "name_prefix": "",
            "owner_id": "676463669439",
            "region": "us-east-1",
            "revoke_rules_on_delete": false,
            "tags": null,
            "tags_all": {},
            "timeouts": null,
            "vpc_id": "vpc-02a9ebcb61d95b9ed"
          },
          "sensitive_attributes": [],
          "identity_schema_version": 0,
          "identity": {
            "account_id": "676463669439",
            "id": "sg-08920b61e34e2b69b",
            "region": "us-east-1"
          },
          "private": "eyJlMmJmYjczMC1lY2FhLTExZTYtOGY4OC0zNDM2M2JjN2M0YzAiOnsiY3JlYXRlIjo2MDAwMDAwMDAwMDAsImRlbGV0ZSI6OTAwMDAwMDAwMDAwfSwic2NoZW1hX3ZlcnNpb24iOiIxIn0="
        }
      ]
    },
    {
      "mode": "managed",
      "type": "github_repository",
      "name": "example",
      "provider": "provider[\"registry.terraform.io/integrations/github\"]",
      "instances": [
        {
          "schema_version": 1,
          "attributes": {
            "allow_auto_merge": false,
            "allow_merge_commit": true,
            "allow_rebase_merge": true,
            "allow_squash_merge": true,
            "allow_update_branch": false,
            "archive_on_destroy": null,
            "archived": false,
            "auto_init": null,
            "default_branch": "main",
            "delete_branch_on_merge": false,
            "description": "A repository created with Terraform",
            "etag": "W/\"a8b1be8d94b6701acad451f6a67130bd2d7ac0b4b8760716288d76e05e33caf5\"",
            "full_name": "Nehemie-Jacques/terraform-github-repo",
            "git_clone_url": "git://github.com/Nehemie-Jacques/terraform-github-repo.git",
            "gitignore_template": null,
            "has_discussions": false,
            "has_downloads": false,
            "has_issues": false,
            "has_projects": false,
            "has_wiki": false,
            "homepage_url": "",
            "html_url": "https://github.com/Nehemie-Jacques/terraform-github-repo",
            "http_clone_url": "https://github.com/Nehemie-Jacques/terraform-github-repo.git",
            "id": "terraform-github-repo",
            "ignore_vulnerability_alerts_during_read": null,
            "is_template": false,
            "license_template": null,
            "merge_commit_message": "PR_TITLE",
            "merge_commit_title": "MERGE_MESSAGE",
            "name": "terraform-github-repo",
            "node_id": "R_kgDORJm1Ww",
            "pages": [],
            "primary_language": "",
            "private": false,
            "repo_id": 1150924123,
            "security_and_analysis": [
              {
                "advanced_security": [],
                "secret_scanning": [
                  {
                    "status": "enabled"
                  }
                ],
                "secret_scanning_push_protection": [
                  {
                    "status": "enabled"
                  }
                ]
              }
            ],
            "squash_merge_commit_message": "COMMIT_MESSAGES",
            "squash_merge_commit_title": "COMMIT_OR_PR_TITLE",
            "ssh_clone_url": "git@github.com:Nehemie-Jacques/terraform-github-repo.git",
            "svn_url": "https://github.com/Nehemie-Jacques/terraform-github-repo",
            "template": [],
            "topics": [],
            "visibility": "public",
            "vulnerability_alerts": false,
            "web_commit_signoff_required": false
          },
          "sensitive_attributes": [],
          "identity_schema_version": 0,
          "private": "eyJzY2hlbWFfdmVyc2lvbiI6IjEifQ=="
        }
      ]
    }
  ],
  "check_results": null
}
