{
  "version": 4,
  "terraform_version": "1.14.3",
  "serial": 50,
  "lineage": "f2020557-f91c-9864-7610-112aed67bfa5",
  "outputs": {},
  "resources": [
    {
      "mode": "managed",
      "type": "aws_security_group",
      "name": "sg_01",
      "provider": "provider[\"registry.terraform.io/hashicorp/aws\"]",
      "instances": [
        {
          "schema_version": 1,
          "attributes": {
            "arn": "arn:aws:ec2:us-east-1:676463669439:security-group/sg-0bc5c514a42cdd8b5",
            "description": "Security group for app firewall",
            "egress": [],
            "id": "sg-0bc5c514a42cdd8b5",
            "ingress": [],
            "name": "app_firewall",
            "name_prefix": "",
            "owner_id": "676463669439",
            "region": "us-east-1",
            "revoke_rules_on_delete": false,
            "tags": {
              "CreationDate": "date-03 Mar 2026 17:09 UTC",
              "Team": "Security-local"
            },
            "tags_all": {
              "CreationDate": "date-03 Mar 2026 17:09 UTC",
              "Team": "Security-local"
            },
            "timeouts": null,
            "vpc_id": "vpc-02a9ebcb61d95b9ed"
          },
          "sensitive_attributes": [],
          "identity_schema_version": 0,
          "identity": {
            "account_id": "676463669439",
            "id": "sg-0bc5c514a42cdd8b5",
            "region": "us-east-1"
          },
          "private": "eyJlMmJmYjczMC1lY2FhLTExZTYtOGY4OC0zNDM2M2JjN2M0YzAiOnsiY3JlYXRlIjo2MDAwMDAwMDAwMDAsImRlbGV0ZSI6OTAwMDAwMDAwMDAwfSwic2NoZW1hX3ZlcnNpb24iOiIxIn0="
        }
      ]
    },
    {
      "mode": "managed",
      "type": "aws_security_group",
      "name": "sg_02",
      "provider": "provider[\"registry.terraform.io/hashicorp/aws\"]",
      "instances": [
        {
          "schema_version": 1,
          "attributes": {
            "arn": "arn:aws:ec2:us-east-1:676463669439:security-group/sg-089fce4c964ff5672",
            "description": "Security group for db firewall",
            "egress": [],
            "id": "sg-089fce4c964ff5672",
            "ingress": [],
            "name": "db_firewall",
            "name_prefix": "",
            "owner_id": "676463669439",
            "region": "us-east-1",
            "revoke_rules_on_delete": false,
            "tags": {
              "CreationDate": "date-03 Mar 2026 17:09 UTC",
              "Team": "Security-local"
            },
            "tags_all": {
              "CreationDate": "date-03 Mar 2026 17:09 UTC",
              "Team": "Security-local"
            },
            "timeouts": null,
            "vpc_id": "vpc-02a9ebcb61d95b9ed"
          },
          "sensitive_attributes": [],
          "identity_schema_version": 0,
          "identity": {
            "account_id": "676463669439",
            "id": "sg-089fce4c964ff5672",
            "region": "us-east-1"
          },
          "private": "eyJlMmJmYjczMC1lY2FhLTExZTYtOGY4OC0zNDM2M2JjN2M0YzAiOnsiY3JlYXRlIjo2MDAwMDAwMDAwMDAsImRlbGV0ZSI6OTAwMDAwMDAwMDAwfSwic2NoZW1hX3ZlcnNpb24iOiIxIn0="
        }
      ]
    }
  ],
  "check_results": null
}
